{
  "originHash" : "1e08ef0ac9a3a226a1ed74c6c7fb48dd5051af348d51f8f2068d503f7fc703a5",
  "pins" : [
    {
      "identity" : "workspace-types",
      "kind" : "remoteSourceControl",
      "location" : "https://github.com/cocogiri/workspace-types.git",
      "state" : {
        "branch" : "main",
        "revision" : "2a7f3742f81084c388ac6a8f16012f41718fb55d"
      }
    }
  ],
  "version" : 3
}
